# This file is automatically @generated by Poetry 1.8.4 and should not be changed by hand.

[[package]]
name = "icmplib"
version = "3.0.4"
description = "Easily forge ICMP packets and make your own ping and traceroute."
optional = false
python-versions = ">=3.7"
files = []
develop = false

[package.source]
type = "git"
url = "https://github.com/tglucas/icmplib.git"
reference = "HEAD"
resolved_reference = "83a7151bd910485fb8d73511ab69ed3576ab4d21"

[metadata]
lock-version = "2.0"
python-versions = "^3.11"
content-hash = "c3c9e8b91b7bb0149fc41c6267124c8362184e538b5e161fdbe855c867add182"
